{
  "requires": true,
  "lockfileVersion": 1,
  "dependencies": {
    "jsonexport": {
      "version": "2.4.1",
      "resolved": "https://registry.npmjs.org/jsonexport/-/jsonexport-2.4.1.tgz",
      "integrity": "sha512-8O+yka4X6KxVMJDnzQh7NaoqgNX96gMbX7jb2JMb3CfxXfEvPpRpYyb+2/HpKjxR7Abr7zlvqxV4/cpqmExPSw=="
    }
  }
}
